# This file is autogenerated, do not edit; changes may be undone by the next 'dep ensure'.


[[projects]]
  name = "github.com/tonyhhyip/go-di-container"
  packages = ["."]
  revision = "d3a112c821f6502e88a9b89e201acc646839d756"

[solve-meta]
  analyzer-name = "dep"
  analyzer-version = 1
  inputs-digest = "435341b0aa61301a8e1f5a556f565d3f22977cae07fc52ae2dc89d9ce5c491ba"
  solver-name = "gps-cdcl"
  solver-version = 1
